
Microsoft Visual Studio Solution File, Format Version 12.00
# Visual Studio Version 17
VisualStudioVersion = 17.0.31903.59
MinimumVisualStudioVersion = 10.0.40219.1
Project("{2150E333-8FDC-42A3-9474-1A3956D46DE8}") = "src", "src", "{6EEC70BD-F79F-4F27-BCFD-AFE07FA7FB7E}"
EndProject
Project("{FAE04EC0-301F-11D3-BF4B-00C04F79EFBC}") = "NewsFramework.Media.Api", "src\NewsFramework.Media.Api\NewsFramework.Media.Api.csproj", "{3FC340EF-E571-4A68-B691-C48263D1A41D}"
EndProject
Project("{FAE04EC0-301F-11D3-BF4B-00C04F79EFBC}") = "NewsFramework.Content.Api", "src\NewsFramework.Content.Api\NewsFramework.Content.Api.csproj", "{C7E39275-EFAD-46C3-B960-67F0507FF404}"
EndProject
Global
	GlobalSection(SolutionConfigurationPlatforms) = preSolution
		Debug|Any CPU = Debug|Any CPU
		Release|Any CPU = Release|Any CPU
	EndGlobalSection
	GlobalSection(SolutionProperties) = preSolution
		HideSolutionNode = FALSE
	EndGlobalSection
	GlobalSection(ProjectConfigurationPlatforms) = postSolution
		{3FC340EF-E571-4A68-B691-C48263D1A41D}.Debug|Any CPU.ActiveCfg = Debug|Any CPU
		{3FC340EF-E571-4A68-B691-C48263D1A41D}.Debug|Any CPU.Build.0 = Debug|Any CPU
		{3FC340EF-E571-4A68-B691-C48263D1A41D}.Release|Any CPU.ActiveCfg = Release|Any CPU
		{3FC340EF-E571-4A68-B691-C48263D1A41D}.Release|Any CPU.Build.0 = Release|Any CPU
		{C7E39275-EFAD-46C3-B960-67F0507FF404}.Debug|Any CPU.ActiveCfg = Debug|Any CPU
		{C7E39275-EFAD-46C3-B960-67F0507FF404}.Debug|Any CPU.Build.0 = Debug|Any CPU
		{C7E39275-EFAD-46C3-B960-67F0507FF404}.Release|Any CPU.ActiveCfg = Release|Any CPU
		{C7E39275-EFAD-46C3-B960-67F0507FF404}.Release|Any CPU.Build.0 = Release|Any CPU
	EndGlobalSection
	GlobalSection(NestedProjects) = preSolution
		{3FC340EF-E571-4A68-B691-C48263D1A41D} = {6EEC70BD-F79F-4F27-BCFD-AFE07FA7FB7E}
		{C7E39275-EFAD-46C3-B960-67F0507FF404} = {6EEC70BD-F79F-4F27-BCFD-AFE07FA7FB7E}
	EndGlobalSection
EndGlobal
